
Microsoft Visual Studio Solution File, Format Version 12.00
# Visual Studio Version 17
VisualStudioVersion = 17.0.31903.59
MinimumVisualStudioVersion = 10.0.40219.1
Project("{2150E333-8FDC-42A3-9474-1A3956D46DE8}") = "src", "src", "{35774717-F4C8-4250-B15A-F4F7AD9D461F}"
EndProject
Project("{2150E333-8FDC-42A3-9474-1A3956D46DE8}") = "Shared", "Shared", "{E5D9578D-3D03-49E1-9825-3AC83364EC65}"
EndProject
Project("{FAE04EC0-301F-11D3-BF4B-00C04F79EFBC}") = "ClubManagement.Shared", "src\Shared\ClubManagement.Shared\ClubManagement.Shared.csproj", "{683C178D-3936-4154-9FB9-98D2B7F6795B}"
EndProject
Project("{2150E333-8FDC-42A3-9474-1A3956D46DE8}") = "Domain", "Domain", "{B01D4E24-B9BE-4F65-9034-FC1E45236CF6}"
EndProject
Project("{FAE04EC0-301F-11D3-BF4B-00C04F79EFBC}") = "ClubManagement.Domain", "src\Domain\ClubManagement.Domain\ClubManagement.Domain.csproj", "{71D0ECDA-FB4D-455A-B760-772A40AC587F}"
EndProject
Project("{2150E333-8FDC-42A3-9474-1A3956D46DE8}") = "Application", "Application", "{E45A61C4-0CFB-40EE-B399-B189F62450CF}"
EndProject
Project("{FAE04EC0-301F-11D3-BF4B-00C04F79EFBC}") = "ClubManagement.Application", "src\Application\ClubManagement.Application\ClubManagement.Application.csproj", "{16910E97-99EB-48B6-A47C-3C3A26FF5B93}"
EndProject
Project("{2150E333-8FDC-42A3-9474-1A3956D46DE8}") = "Infrastructure", "Infrastructure", "{A68B58E7-B248-45FF-A431-6593981609FF}"
EndProject
Project("{FAE04EC0-301F-11D3-BF4B-00C04F79EFBC}") = "ClubManagement.Infrastructure", "src\Infrastructure\ClubManagement.Infrastructure\ClubManagement.Infrastructure.csproj", "{E9C531FB-4305-452E-9F9C-CB1371E01ADA}"
EndProject
Project("{2150E333-8FDC-42A3-9474-1A3956D46DE8}") = "Api", "Api", "{17B8D400-C78D-43BB-B8E2-4B2043A621B9}"
EndProject
Project("{FAE04EC0-301F-11D3-BF4B-00C04F79EFBC}") = "ClubManagement.Api", "src\Api\ClubManagement.Api\ClubManagement.Api.csproj", "{3D6B1D68-C00C-4A4A-BDE7-1424F9C90BD6}"
EndProject
Project("{2150E333-8FDC-42A3-9474-1A3956D46DE8}") = "Client", "Client", "{F50ABA4D-BAC2-4374-A000-67E2C99BF12D}"
EndProject
Project("{FAE04EC0-301F-11D3-BF4B-00C04F79EFBC}") = "ClubManagement.Client", "src\Client\ClubManagement.Client\ClubManagement.Client.csproj", "{4CADF174-C1AF-4B72-8BA3-3CEC35633B61}"
EndProject
Global
	GlobalSection(SolutionConfigurationPlatforms) = preSolution
		Debug|Any CPU = Debug|Any CPU
		Release|Any CPU = Release|Any CPU
	EndGlobalSection
	GlobalSection(SolutionProperties) = preSolution
		HideSolutionNode = FALSE
	EndGlobalSection
	GlobalSection(ProjectConfigurationPlatforms) = postSolution
		{683C178D-3936-4154-9FB9-98D2B7F6795B}.Debug|Any CPU.ActiveCfg = Debug|Any CPU
		{683C178D-3936-4154-9FB9-98D2B7F6795B}.Debug|Any CPU.Build.0 = Debug|Any CPU
		{683C178D-3936-4154-9FB9-98D2B7F6795B}.Release|Any CPU.ActiveCfg = Release|Any CPU
		{683C178D-3936-4154-9FB9-98D2B7F6795B}.Release|Any CPU.Build.0 = Release|Any CPU
		{71D0ECDA-FB4D-455A-B760-772A40AC587F}.Debug|Any CPU.ActiveCfg = Debug|Any CPU
		{71D0ECDA-FB4D-455A-B760-772A40AC587F}.Debug|Any CPU.Build.0 = Debug|Any CPU
		{71D0ECDA-FB4D-455A-B760-772A40AC587F}.Release|Any CPU.ActiveCfg = Release|Any CPU
		{71D0ECDA-FB4D-455A-B760-772A40AC587F}.Release|Any CPU.Build.0 = Release|Any CPU
		{16910E97-99EB-48B6-A47C-3C3A26FF5B93}.Debug|Any CPU.ActiveCfg = Debug|Any CPU
		{16910E97-99EB-48B6-A47C-3C3A26FF5B93}.Debug|Any CPU.Build.0 = Debug|Any CPU
		{16910E97-99EB-48B6-A47C-3C3A26FF5B93}.Release|Any CPU.ActiveCfg = Release|Any CPU
		{16910E97-99EB-48B6-A47C-3C3A26FF5B93}.Release|Any CPU.Build.0 = Release|Any CPU
		{E9C531FB-4305-452E-9F9C-CB1371E01ADA}.Debug|Any CPU.ActiveCfg = Debug|Any CPU
		{E9C531FB-4305-452E-9F9C-CB1371E01ADA}.Debug|Any CPU.Build.0 = Debug|Any CPU
		{E9C531FB-4305-452E-9F9C-CB1371E01ADA}.Release|Any CPU.ActiveCfg = Release|Any CPU
		{E9C531FB-4305-452E-9F9C-CB1371E01ADA}.Release|Any CPU.Build.0 = Release|Any CPU
		{3D6B1D68-C00C-4A4A-BDE7-1424F9C90BD6}.Debug|Any CPU.ActiveCfg = Debug|Any CPU
		{3D6B1D68-C00C-4A4A-BDE7-1424F9C90BD6}.Debug|Any CPU.Build.0 = Debug|Any CPU
		{3D6B1D68-C00C-4A4A-BDE7-1424F9C90BD6}.Release|Any CPU.ActiveCfg = Release|Any CPU
		{3D6B1D68-C00C-4A4A-BDE7-1424F9C90BD6}.Release|Any CPU.Build.0 = Release|Any CPU
		{4CADF174-C1AF-4B72-8BA3-3CEC35633B61}.Debug|Any CPU.ActiveCfg = Debug|Any CPU
		{4CADF174-C1AF-4B72-8BA3-3CEC35633B61}.Debug|Any CPU.Build.0 = Debug|Any CPU
		{4CADF174-C1AF-4B72-8BA3-3CEC35633B61}.Release|Any CPU.ActiveCfg = Release|Any CPU
		{4CADF174-C1AF-4B72-8BA3-3CEC35633B61}.Release|Any CPU.Build.0 = Release|Any CPU
	EndGlobalSection
	GlobalSection(NestedProjects) = preSolution
		{E5D9578D-3D03-49E1-9825-3AC83364EC65} = {35774717-F4C8-4250-B15A-F4F7AD9D461F}
		{683C178D-3936-4154-9FB9-98D2B7F6795B} = {E5D9578D-3D03-49E1-9825-3AC83364EC65}
		{B01D4E24-B9BE-4F65-9034-FC1E45236CF6} = {35774717-F4C8-4250-B15A-F4F7AD9D461F}
		{71D0ECDA-FB4D-455A-B760-772A40AC587F} = {B01D4E24-B9BE-4F65-9034-FC1E45236CF6}
		{E45A61C4-0CFB-40EE-B399-B189F62450CF} = {35774717-F4C8-4250-B15A-F4F7AD9D461F}
		{16910E97-99EB-48B6-A47C-3C3A26FF5B93} = {E45A61C4-0CFB-40EE-B399-B189F62450CF}
		{A68B58E7-B248-45FF-A431-6593981609FF} = {35774717-F4C8-4250-B15A-F4F7AD9D461F}
		{E9C531FB-4305-452E-9F9C-CB1371E01ADA} = {A68B58E7-B248-45FF-A431-6593981609FF}
		{17B8D400-C78D-43BB-B8E2-4B2043A621B9} = {35774717-F4C8-4250-B15A-F4F7AD9D461F}
		{3D6B1D68-C00C-4A4A-BDE7-1424F9C90BD6} = {17B8D400-C78D-43BB-B8E2-4B2043A621B9}
		{F50ABA4D-BAC2-4374-A000-67E2C99BF12D} = {35774717-F4C8-4250-B15A-F4F7AD9D461F}
		{4CADF174-C1AF-4B72-8BA3-3CEC35633B61} = {F50ABA4D-BAC2-4374-A000-67E2C99BF12D}
	EndGlobalSection
EndGlobal
